
Microsoft Visual Studio Solution File, Format Version 12.00
# Visual Studio 15
VisualStudioVersion = 15.0.27428.2037
MinimumVisualStudioVersion = 10.0.40219.1
Project("{FAE04EC0-301F-11D3-BF4B-00C04F79EFBC}") = "Luizalabs.EmployeeManager.API", "Luizalabs.EmployeeManager.API\Luizalabs.EmployeeManager.API.csproj", "{055319A8-A838-4E35-977E-D1F20D44EB7A}"
EndProject
Project("{FAE04EC0-301F-11D3-BF4B-00C04F79EFBC}") = "Luizalabs.EmployeeManager.API.Test", "Luizalabs.EmployeeManager.API.Test\Luizalabs.EmployeeManager.API.Test.csproj", "{DAC669F9-11A0-4A6B-AECB-29671D5D1484}"
EndProject
Global
	GlobalSection(SolutionConfigurationPlatforms) = preSolution
		Debug|Any CPU = Debug|Any CPU
		Release|Any CPU = Release|Any CPU
	EndGlobalSection
	GlobalSection(ProjectConfigurationPlatforms) = postSolution
		{055319A8-A838-4E35-977E-D1F20D44EB7A}.Debug|Any CPU.ActiveCfg = Debug|Any CPU
		{055319A8-A838-4E35-977E-D1F20D44EB7A}.Debug|Any CPU.Build.0 = Debug|Any CPU
		{055319A8-A838-4E35-977E-D1F20D44EB7A}.Release|Any CPU.ActiveCfg = Release|Any CPU
		{055319A8-A838-4E35-977E-D1F20D44EB7A}.Release|Any CPU.Build.0 = Release|Any CPU
		{DAC669F9-11A0-4A6B-AECB-29671D5D1484}.Debug|Any CPU.ActiveCfg = Debug|Any CPU
		{DAC669F9-11A0-4A6B-AECB-29671D5D1484}.Debug|Any CPU.Build.0 = Debug|Any CPU
		{DAC669F9-11A0-4A6B-AECB-29671D5D1484}.Release|Any CPU.ActiveCfg = Release|Any CPU
		{DAC669F9-11A0-4A6B-AECB-29671D5D1484}.Release|Any CPU.Build.0 = Release|Any CPU
	EndGlobalSection
	GlobalSection(SolutionProperties) = preSolution
		HideSolutionNode = FALSE
	EndGlobalSection
	GlobalSection(ExtensibilityGlobals) = postSolution
		SolutionGuid = {30021B7B-DBAC-48DF-A9FD-88171B7E8269}
	EndGlobalSection
EndGlobal
